
Microsoft Visual Studio Solution File, Format Version 12.00
# Visual Studio Version 17
VisualStudioVersion = 17.11.35208.52
MinimumVisualStudioVersion = 10.0.40219.1
Project("{9A19103F-16F7-4668-BE54-9A1E7A4F7556}") = "Co-Flo Assessment Tests Project", "Co-Flo Assessment Tests Project.csproj", "{37BCF912-30EA-4920-B11C-16B5C484F4E2}"
EndProject
Global
	GlobalSection(SolutionConfigurationPlatforms) = preSolution
		Debug|Any CPU = Debug|Any CPU
		Release|Any CPU = Release|Any CPU
	EndGlobalSection
	GlobalSection(ProjectConfigurationPlatforms) = postSolution
		{37BCF912-30EA-4920-B11C-16B5C484F4E2}.Debug|Any CPU.ActiveCfg = Debug|Any CPU
		{37BCF912-30EA-4920-B11C-16B5C484F4E2}.Debug|Any CPU.Build.0 = Debug|Any CPU
		{37BCF912-30EA-4920-B11C-16B5C484F4E2}.Release|Any CPU.ActiveCfg = Release|Any CPU
		{37BCF912-30EA-4920-B11C-16B5C484F4E2}.Release|Any CPU.Build.0 = Release|Any CPU
	EndGlobalSection
	GlobalSection(SolutionProperties) = preSolution
		HideSolutionNode = FALSE
	EndGlobalSection
	GlobalSection(ExtensibilityGlobals) = postSolution
		SolutionGuid = {F123FAA7-F999-43F9-9272-E2C9F5310F16}
	EndGlobalSection
EndGlobal
